
Microsoft Visual Studio Solution File, Format Version 12.00
# Visual Studio Version 16
VisualStudioVersion = 16.0.30523.141
MinimumVisualStudioVersion = 10.0.40219.1
Project("{2150E333-8FDC-42A3-9474-1A3956D46DE8}") = "src", "src", "{97905AFA-0747-4248-9CD3-4564EB96DF8F}"
EndProject
Project("{9A19103F-16F7-4668-BE54-9A1E7A4F7556}") = "Api", "src\Api\Api.csproj", "{9F9879F1-FF0A-4B41-A35D-91AF41AC081B}"
EndProject
Project("{9A19103F-16F7-4668-BE54-9A1E7A4F7556}") = "Queries", "src\Queries\Queries.csproj", "{927C5B77-B1BF-444F-9D93-CA8359504A83}"
EndProject
Project("{9A19103F-16F7-4668-BE54-9A1E7A4F7556}") = "Commands", "src\Commands\Commands.csproj", "{6A2CD45F-D50B-41A3-BD0E-34DAAB4C16D9}"
EndProject
Project("{9A19103F-16F7-4668-BE54-9A1E7A4F7556}") = "Migrations", "src\Migrations\Migrations.csproj", "{99045C4B-D2EC-474A-968E-9CFB5BFB0F1F}"
EndProject
Global
	GlobalSection(SolutionConfigurationPlatforms) = preSolution
		Debug|Any CPU = Debug|Any CPU
		Release|Any CPU = Release|Any CPU
	EndGlobalSection
	GlobalSection(ProjectConfigurationPlatforms) = postSolution
		{9F9879F1-FF0A-4B41-A35D-91AF41AC081B}.Debug|Any CPU.ActiveCfg = Debug|Any CPU
		{9F9879F1-FF0A-4B41-A35D-91AF41AC081B}.Debug|Any CPU.Build.0 = Debug|Any CPU
		{9F9879F1-FF0A-4B41-A35D-91AF41AC081B}.Release|Any CPU.ActiveCfg = Release|Any CPU
		{9F9879F1-FF0A-4B41-A35D-91AF41AC081B}.Release|Any CPU.Build.0 = Release|Any CPU
		{927C5B77-B1BF-444F-9D93-CA8359504A83}.Debug|Any CPU.ActiveCfg = Debug|Any CPU
		{927C5B77-B1BF-444F-9D93-CA8359504A83}.Debug|Any CPU.Build.0 = Debug|Any CPU
		{927C5B77-B1BF-444F-9D93-CA8359504A83}.Release|Any CPU.ActiveCfg = Release|Any CPU
		{927C5B77-B1BF-444F-9D93-CA8359504A83}.Release|Any CPU.Build.0 = Release|Any CPU
		{6A2CD45F-D50B-41A3-BD0E-34DAAB4C16D9}.Debug|Any CPU.ActiveCfg = Debug|Any CPU
		{6A2CD45F-D50B-41A3-BD0E-34DAAB4C16D9}.Debug|Any CPU.Build.0 = Debug|Any CPU
		{6A2CD45F-D50B-41A3-BD0E-34DAAB4C16D9}.Release|Any CPU.ActiveCfg = Release|Any CPU
		{6A2CD45F-D50B-41A3-BD0E-34DAAB4C16D9}.Release|Any CPU.Build.0 = Release|Any CPU
		{99045C4B-D2EC-474A-968E-9CFB5BFB0F1F}.Debug|Any CPU.ActiveCfg = Debug|Any CPU
		{99045C4B-D2EC-474A-968E-9CFB5BFB0F1F}.Debug|Any CPU.Build.0 = Debug|Any CPU
		{99045C4B-D2EC-474A-968E-9CFB5BFB0F1F}.Release|Any CPU.ActiveCfg = Release|Any CPU
		{99045C4B-D2EC-474A-968E-9CFB5BFB0F1F}.Release|Any CPU.Build.0 = Release|Any CPU
	EndGlobalSection
	GlobalSection(SolutionProperties) = preSolution
		HideSolutionNode = FALSE
	EndGlobalSection
	GlobalSection(NestedProjects) = preSolution
		{9F9879F1-FF0A-4B41-A35D-91AF41AC081B} = {97905AFA-0747-4248-9CD3-4564EB96DF8F}
		{927C5B77-B1BF-444F-9D93-CA8359504A83} = {97905AFA-0747-4248-9CD3-4564EB96DF8F}
		{6A2CD45F-D50B-41A3-BD0E-34DAAB4C16D9} = {97905AFA-0747-4248-9CD3-4564EB96DF8F}
		{99045C4B-D2EC-474A-968E-9CFB5BFB0F1F} = {97905AFA-0747-4248-9CD3-4564EB96DF8F}
	EndGlobalSection
	GlobalSection(ExtensibilityGlobals) = postSolution
		SolutionGuid = {D9AD8307-42D5-4D3F-B70F-C1D26C0833F9}
	EndGlobalSection
EndGlobal
